lockfileVersion: '9.0'

settings:
  autoInstallPeers: false
  excludeLinksFromLockfile: false

importers:

  .:
    devDependencies:
      '@deepseek-ai/cordis':
        specifier: 4.0.5-alpha.1
        version: 4.0.5-alpha.1(@deepseek-ai/cordis-plugin-loader@1.0.6-alpha.1)
      '@deepseek-ai/dsh-client-ui-primitives':
        specifier: 0.2.1-alpha.1
        version: 0.2.1-alpha.1(@deepseek-ai/cordis@4.0.5-alpha.1)
      '@deepseek-ai/dsh-client-ui-settings':
        specifier: 0.2.1-alpha.1
        version: 0.2.1-alpha.1(@deepseek-ai/cordis@4.0.5-alpha.1)
      '@deepseek-ai/dsh-client-ui-slots':
        specifier: 0.2.1-alpha.1
        version: 0.2.1-alpha.1(@deepseek-ai/cordis@4.0.5-alpha.1)
      '@deepseek-ai/dsh-settings':
        specifier: 0.2.1-alpha.1
        version: 0.2.1-alpha.1(@deepseek-ai/cordis@4.0.5-alpha.1)(@deepseek-ai/schemastery@3.18.5-alpha.1)

packages:

  '@deepseek-ai/cordis-plugin-loader@1.0.6-alpha.1':
    resolution: {integrity: sha512-S+3ygx3cyoA/uvcX8hpWf+FnNlygO2pE3BgLMC0Y+vss3SHmGPPC/gfELBQFu0WPRa4ieE0ZRdTk0FLW12e1Eg==}
    peerDependencies:
      '@deepseek-ai/cordis': ~4.0.5-alpha.1
      node-addon-require-builtin: ^0.1.6
    peerDependenciesMeta:
      node-addon-require-builtin:
        optional: true

  '@deepseek-ai/cordis@4.0.5-alpha.1':
    resolution: {integrity: sha512-I0akiPAK9EEWO+GMAO0YGbn3/rzg/yopaxohBaG9JHM8dDzGaCZNp3mehjeC66IQL0AyTyDwvgv7v1aB+eMnKQ==}
    hasBin: true
    peerDependencies:
      '@deepseek-ai/cordis-plugin-include': ~1.0.10-alpha.1
      '@deepseek-ai/cordis-plugin-loader': ~1.0.6-alpha.1
    peerDependenciesMeta:
      '@deepseek-ai/cordis-plugin-include':
        optional: true
      '@deepseek-ai/cordis-plugin-loader':
        optional: true

  '@deepseek-ai/cosmokit@1.8.6-alpha.1':
    resolution: {integrity: sha512-qtuYVBRu7VrD1jLHvaM5sSShtBVgff/0R5vx57fsHUeeobvvv5TmtnTrs0+h4H263kF3ie25VO70Ija8R1eaow==}

  '@deepseek-ai/dsh-atomic-write@0.2.1-alpha.1':
    resolution: {integrity: sha512-4ADMLg8g0HVK2Tor/qPoT7RKdSeyRiK3MSj+PBIaxR0ZtQvxxoWbFJGwj4WwUyePhtMDfxYNhdwXDvYovlyTkg==}
    peerDependencies:
      '@deepseek-ai/cordis': ~4.0.5-alpha.1

  '@deepseek-ai/dsh-client-ui-primitives@0.2.1-alpha.1':
    resolution: {integrity: sha512-sgRpN9kMcfcUyX4KkB9vQn902wDmzEfstGL/tguqvSkxUfl32hUfzUnJph7+SglDFI6O21Ecvtjagt85zDkzkA==}
    peerDependencies:
      '@deepseek-ai/cordis': ~4.0.5-alpha.1

  '@deepseek-ai/dsh-client-ui-settings@0.2.1-alpha.1':
    resolution: {integrity: sha512-tSGa/ljVo5ip1YIOEXl3MkQ9WfTGighPc06AxyGzxMe3NrFO9fgoTUer4FZJ0TAoSoG9XIRzIc4+OpmT1kmcfQ==}
    peerDependencies:
      '@deepseek-ai/cordis': ~4.0.5-alpha.1

  '@deepseek-ai/dsh-client-ui-slots@0.2.1-alpha.1':
    resolution: {integrity: sha512-DlblKPBopAUvAuSNqpsqxlJa9H1HKt8jMrWjGqqerguTAFPEKA++HA503WVX/ObmxCQ1ZLOrJ/s04LQu/MwqEQ==}
    peerDependencies:
      '@deepseek-ai/cordis': ~4.0.5-alpha.1

  '@deepseek-ai/dsh-config-editor@0.2.1-alpha.1':
    resolution: {integrity: sha512-lMTEh5R214VpBchwZ0g4sMt13oJH2R//nor17n1qdSx40X0M3SG8somw67cJMsw/qphI2NRftF8rG7rnUHg8oA==}
    peerDependencies:
      '@deepseek-ai/cordis': ~4.0.5-alpha.1
      '@deepseek-ai/cordis-plugin-include': ~1.0.10-alpha.1
      '@deepseek-ai/cordis-plugin-loader': ~1.0.6-alpha.1
      '@deepseek-ai/dsh-app-boot': 0.2.1-alpha.1
      '@deepseek-ai/dsh-hmr': 0.2.1-alpha.1
    peerDependenciesMeta:
      '@deepseek-ai/dsh-hmr':
        optional: true

  '@deepseek-ai/dsh-settings@0.2.1-alpha.1':
    resolution: {integrity: sha512-KjiH3Cnr3hxsuVOX+j3r8cPWbhQOcxq2sIg8icRWdOMKN9vdhsKLpId56lezXF1tKIlAHVcLkQyO4ac9Bjp6WA==}
    peerDependencies:
      '@deepseek-ai/cordis': ~4.0.5-alpha.1
      '@deepseek-ai/dsh-brand': 0.2.1-alpha.1
      '@deepseek-ai/dsh-session': 0.2.1-alpha.1
      '@deepseek-ai/schemastery': ~3.18.5-alpha.1

  '@deepseek-ai/dsh-util-values@0.2.1-alpha.1':
    resolution: {integrity: sha512-RlA49PBUEiahDt11WQ6gFUGlLWG8jfC+Y/D5MNDysg5A2VbixSsbS/ZTuDp8/SrJrZKoYMxa1g7T9T61zuvP7Q==}
    peerDependencies:
      '@deepseek-ai/cordis': ~4.0.5-alpha.1

  '@deepseek-ai/schemastery@3.18.5-alpha.1':
    resolution: {integrity: sha512-HojoBv1wMQn6N8nDgTgWbc/f4EFAlg/ZsIYN2AChnEDoFOmcWd3+MDzhozNffmywywzV7pcouHRR4x37YZfcjA==}

  '@standard-schema/spec@1.1.0':
    resolution: {integrity: sha512-l2aFy5jALhniG5HgqrD6jXLi/rUWrKvqN/qJx6yoJsgKhblVd+iqqU4RCXavm/jPityDo5TCvKMnpjKnOriy0w==}

  argparse@2.0.1:
    resolution: {integrity: sha512-8+9WqebbFzpX9OR+Wa6O29asIogeRMzcGtAINdpMHHyAg10f05aSFVBbcEqGf/PXw1EjAZ+q2/bEBg3DvurK3Q==}

  js-yaml@4.3.2:
    resolution: {integrity: sha512-SFNOvSJ+Dgf/9An904Yx+CgSlIPCkIpao4qo51lpee25TIRejdH3rhR4EZMGoNx3/TP3O+wzWuiTFl4sqbltzA==}
    hasBin: true

  yaml@2.9.1:
    resolution: {integrity: sha512-3NxN8+78OdzbT7C/WjGsyfPAtJaN3FNDsWxv7Y7mcDsT/oOmgW8BpyQQFFBnvZE3j9Y2Sdz1ULFLezL7Eb2yFw==}
    engines: {node: '>= 14.6'}
    hasBin: true

snapshots:

  '@deepseek-ai/cordis-plugin-loader@1.0.6-alpha.1(@deepseek-ai/cordis@4.0.5-alpha.1)':
    dependencies:
      '@deepseek-ai/cordis': 4.0.5-alpha.1(@deepseek-ai/cordis-plugin-loader@1.0.6-alpha.1)
      '@deepseek-ai/cosmokit': 1.8.6-alpha.1
      '@deepseek-ai/schemastery': 3.18.5-alpha.1

  '@deepseek-ai/cordis@4.0.5-alpha.1(@deepseek-ai/cordis-plugin-loader@1.0.6-alpha.1)':
    dependencies:
      '@deepseek-ai/cosmokit': 1.8.6-alpha.1
      '@standard-schema/spec': 1.1.0
    optionalDependencies:
      '@deepseek-ai/cordis-plugin-loader': 1.0.6-alpha.1(@deepseek-ai/cordis@4.0.5-alpha.1)

  '@deepseek-ai/cosmokit@1.8.6-alpha.1': {}

  '@deepseek-ai/dsh-atomic-write@0.2.1-alpha.1(@deepseek-ai/cordis@4.0.5-alpha.1)':
    dependencies:
      '@deepseek-ai/cordis': 4.0.5-alpha.1(@deepseek-ai/cordis-plugin-loader@1.0.6-alpha.1)

  '@deepseek-ai/dsh-client-ui-primitives@0.2.1-alpha.1(@deepseek-ai/cordis@4.0.5-alpha.1)':
    dependencies:
      '@deepseek-ai/cordis': 4.0.5-alpha.1(@deepseek-ai/cordis-plugin-loader@1.0.6-alpha.1)

  '@deepseek-ai/dsh-client-ui-settings@0.2.1-alpha.1(@deepseek-ai/cordis@4.0.5-alpha.1)':
    dependencies:
      '@deepseek-ai/cordis': 4.0.5-alpha.1(@deepseek-ai/cordis-plugin-loader@1.0.6-alpha.1)
      '@deepseek-ai/schemastery': 3.18.5-alpha.1

  '@deepseek-ai/dsh-client-ui-slots@0.2.1-alpha.1(@deepseek-ai/cordis@4.0.5-alpha.1)':
    dependencies:
      '@deepseek-ai/cordis': 4.0.5-alpha.1(@deepseek-ai/cordis-plugin-loader@1.0.6-alpha.1)

  '@deepseek-ai/dsh-config-editor@0.2.1-alpha.1(@deepseek-ai/cordis-plugin-loader@1.0.6-alpha.1)(@deepseek-ai/cordis@4.0.5-alpha.1)':
    dependencies:
      '@deepseek-ai/cordis': 4.0.5-alpha.1(@deepseek-ai/cordis-plugin-loader@1.0.6-alpha.1)
      '@deepseek-ai/cordis-plugin-loader': 1.0.6-alpha.1(@deepseek-ai/cordis@4.0.5-alpha.1)
      '@deepseek-ai/dsh-atomic-write': 0.2.1-alpha.1(@deepseek-ai/cordis@4.0.5-alpha.1)
      js-yaml: 4.3.2
      yaml: 2.9.1

  '@deepseek-ai/dsh-settings@0.2.1-alpha.1(@deepseek-ai/cordis@4.0.5-alpha.1)(@deepseek-ai/schemastery@3.18.5-alpha.1)':
    dependencies:
      '@deepseek-ai/cordis': 4.0.5-alpha.1(@deepseek-ai/cordis-plugin-loader@1.0.6-alpha.1)
      '@deepseek-ai/cordis-plugin-loader': 1.0.6-alpha.1(@deepseek-ai/cordis@4.0.5-alpha.1)
      '@deepseek-ai/cosmokit': 1.8.6-alpha.1
      '@deepseek-ai/dsh-config-editor': 0.2.1-alpha.1(@deepseek-ai/cordis-plugin-loader@1.0.6-alpha.1)(@deepseek-ai/cordis@4.0.5-alpha.1)
      '@deepseek-ai/dsh-util-values': 0.2.1-alpha.1(@deepseek-ai/cordis@4.0.5-alpha.1)
      '@deepseek-ai/schemastery': 3.18.5-alpha.1
      yaml: 2.9.1
    transitivePeerDependencies:
      - '@deepseek-ai/cordis-plugin-include'
      - '@deepseek-ai/dsh-app-boot'
      - '@deepseek-ai/dsh-hmr'
      - node-addon-require-builtin

  '@deepseek-ai/dsh-util-values@0.2.1-alpha.1(@deepseek-ai/cordis@4.0.5-alpha.1)':
    dependencies:
      '@deepseek-ai/cordis': 4.0.5-alpha.1(@deepseek-ai/cordis-plugin-loader@1.0.6-alpha.1)

  '@deepseek-ai/schemastery@3.18.5-alpha.1':
    dependencies:
      '@deepseek-ai/cosmokit': 1.8.6-alpha.1
      '@standard-schema/spec': 1.1.0

  '@standard-schema/spec@1.1.0': {}

  argparse@2.0.1: {}

  js-yaml@4.3.2:
    dependencies:
      argparse: 2.0.1

  yaml@2.9.1: {}
